
Microsoft Visual Studio Solution File, Format Version 12.00
# Visual Studio Version 16
VisualStudioVersion = 16.0.30503.244
MinimumVisualStudioVersion = 10.0.40219.1
Project("{FAE04EC0-301F-11D3-BF4B-00C04F79EFBC}") = "ParseEnums", "ParseEnums\ParseEnums.csproj", "{5975C68E-59B7-4362-A7DB-63917B8D6382}"
EndProject
Global
	GlobalSection(SolutionConfigurationPlatforms) = preSolution
		Debug|Any CPU = Debug|Any CPU
		Release|Any CPU = Release|Any CPU
	EndGlobalSection
	GlobalSection(ProjectConfigurationPlatforms) = postSolution
		{5975C68E-59B7-4362-A7DB-63917B8D6382}.Debug|Any CPU.ActiveCfg = Debug|Any CPU
		{5975C68E-59B7-4362-A7DB-63917B8D6382}.Debug|Any CPU.Build.0 = Debug|Any CPU
		{5975C68E-59B7-4362-A7DB-63917B8D6382}.Release|Any CPU.ActiveCfg = Release|Any CPU
		{5975C68E-59B7-4362-A7DB-63917B8D6382}.Release|Any CPU.Build.0 = Release|Any CPU
	EndGlobalSection
	GlobalSection(SolutionProperties) = preSolution
		HideSolutionNode = FALSE
	EndGlobalSection
	GlobalSection(ExtensibilityGlobals) = postSolution
		SolutionGuid = {145DC1D6-51E2-4627-830A-14EB53DEFAB2}
	EndGlobalSection
EndGlobal
