
Microsoft Visual Studio Solution File, Format Version 12.00
# Visual Studio Version 16
VisualStudioVersion = 16.0.30503.244
MinimumVisualStudioVersion = 10.0.40219.1
Project("{FAE04EC0-301F-11D3-BF4B-00C04F79EFBC}") = "Loop", "Loop\Loop.csproj", "{F53D7482-3443-4BE0-AD1B-FD1C3388BDF0}"
EndProject
Global
	GlobalSection(SolutionConfigurationPlatforms) = preSolution
		Debug|Any CPU = Debug|Any CPU
		Release|Any CPU = Release|Any CPU
	EndGlobalSection
	GlobalSection(ProjectConfigurationPlatforms) = postSolution
		{F53D7482-3443-4BE0-AD1B-FD1C3388BDF0}.Debug|Any CPU.ActiveCfg = Debug|Any CPU
		{F53D7482-3443-4BE0-AD1B-FD1C3388BDF0}.Debug|Any CPU.Build.0 = Debug|Any CPU
		{F53D7482-3443-4BE0-AD1B-FD1C3388BDF0}.Release|Any CPU.ActiveCfg = Release|Any CPU
		{F53D7482-3443-4BE0-AD1B-FD1C3388BDF0}.Release|Any CPU.Build.0 = Release|Any CPU
	EndGlobalSection
	GlobalSection(SolutionProperties) = preSolution
		HideSolutionNode = FALSE
	EndGlobalSection
	GlobalSection(ExtensibilityGlobals) = postSolution
		SolutionGuid = {28083E0D-9431-4871-9DFD-152A859D1005}
	EndGlobalSection
EndGlobal
