
Microsoft Visual Studio Solution File, Format Version 12.00
# Visual Studio Version 16
VisualStudioVersion = 16.0.30523.141
MinimumVisualStudioVersion = 10.0.40219.1
Project("{FAE04EC0-301F-11D3-BF4B-00C04F79EFBC}") = "AgeQuestion", "AgeQuestion\AgeQuestion.csproj", "{4508CC89-8BB3-40A8-BE52-816D48AF8382}"
EndProject
Global
	GlobalSection(SolutionConfigurationPlatforms) = preSolution
		Debug|Any CPU = Debug|Any CPU
		Release|Any CPU = Release|Any CPU
	EndGlobalSection
	GlobalSection(ProjectConfigurationPlatforms) = postSolution
		{4508CC89-8BB3-40A8-BE52-816D48AF8382}.Debug|Any CPU.ActiveCfg = Debug|Any CPU
		{4508CC89-8BB3-40A8-BE52-816D48AF8382}.Debug|Any CPU.Build.0 = Debug|Any CPU
		{4508CC89-8BB3-40A8-BE52-816D48AF8382}.Release|Any CPU.ActiveCfg = Release|Any CPU
		{4508CC89-8BB3-40A8-BE52-816D48AF8382}.Release|Any CPU.Build.0 = Release|Any CPU
	EndGlobalSection
	GlobalSection(SolutionProperties) = preSolution
		HideSolutionNode = FALSE
	EndGlobalSection
	GlobalSection(ExtensibilityGlobals) = postSolution
		SolutionGuid = {86F1252C-96BB-4A9E-A132-AA5622DED7D8}
	EndGlobalSection
EndGlobal
