
Microsoft Visual Studio Solution File, Format Version 12.00
# Visual Studio Version 16
VisualStudioVersion = 16.0.30503.244
MinimumVisualStudioVersion = 10.0.40219.1
Project("{FAE04EC0-301F-11D3-BF4B-00C04F79EFBC}") = "Method4", "Method4\Method4.csproj", "{2FFC46D0-5CB5-4B68-843B-B2D6AF7ABAB1}"
EndProject
Global
	GlobalSection(SolutionConfigurationPlatforms) = preSolution
		Debug|Any CPU = Debug|Any CPU
		Release|Any CPU = Release|Any CPU
	EndGlobalSection
	GlobalSection(ProjectConfigurationPlatforms) = postSolution
		{2FFC46D0-5CB5-4B68-843B-B2D6AF7ABAB1}.Debug|Any CPU.ActiveCfg = Debug|Any CPU
		{2FFC46D0-5CB5-4B68-843B-B2D6AF7ABAB1}.Debug|Any CPU.Build.0 = Debug|Any CPU
		{2FFC46D0-5CB5-4B68-843B-B2D6AF7ABAB1}.Release|Any CPU.ActiveCfg = Release|Any CPU
		{2FFC46D0-5CB5-4B68-843B-B2D6AF7ABAB1}.Release|Any CPU.Build.0 = Release|Any CPU
	EndGlobalSection
	GlobalSection(SolutionProperties) = preSolution
		HideSolutionNode = FALSE
	EndGlobalSection
	GlobalSection(ExtensibilityGlobals) = postSolution
		SolutionGuid = {D16FE011-00AB-4E08-9877-572927372741}
	EndGlobalSection
EndGlobal
