
Microsoft Visual Studio Solution File, Format Version 12.00
# Visual Studio Version 16
VisualStudioVersion = 16.0.30523.141
MinimumVisualStudioVersion = 10.0.40219.1
Project("{FAE04EC0-301F-11D3-BF4B-00C04F79EFBC}") = "ConstVarChainConstructors", "ConstVarChainConstructors\ConstVarChainConstructors.csproj", "{53DAEC17-C402-45FB-94A6-77731BE4E19D}"
EndProject
Global
	GlobalSection(SolutionConfigurationPlatforms) = preSolution
		Debug|Any CPU = Debug|Any CPU
		Release|Any CPU = Release|Any CPU
	EndGlobalSection
	GlobalSection(ProjectConfigurationPlatforms) = postSolution
		{53DAEC17-C402-45FB-94A6-77731BE4E19D}.Debug|Any CPU.ActiveCfg = Debug|Any CPU
		{53DAEC17-C402-45FB-94A6-77731BE4E19D}.Debug|Any CPU.Build.0 = Debug|Any CPU
		{53DAEC17-C402-45FB-94A6-77731BE4E19D}.Release|Any CPU.ActiveCfg = Release|Any CPU
		{53DAEC17-C402-45FB-94A6-77731BE4E19D}.Release|Any CPU.Build.0 = Release|Any CPU
	EndGlobalSection
	GlobalSection(SolutionProperties) = preSolution
		HideSolutionNode = FALSE
	EndGlobalSection
	GlobalSection(ExtensibilityGlobals) = postSolution
		SolutionGuid = {241739B2-CAF0-4F97-AC24-AAAFEAAA9BC1}
	EndGlobalSection
EndGlobal
