
Microsoft Visual Studio Solution File, Format Version 12.00
# Visual Studio Version 16
VisualStudioVersion = 16.0.30503.244
MinimumVisualStudioVersion = 10.0.40219.1
Project("{FAE04EC0-301F-11D3-BF4B-00C04F79EFBC}") = "C-Sharp_Challange", "C-Sharp_Challange\C-Sharp_Challange.csproj", "{22DB5955-E603-4377-86ED-0AF40C7E8C1E}"
EndProject
Global
	GlobalSection(SolutionConfigurationPlatforms) = preSolution
		Debug|Any CPU = Debug|Any CPU
		Release|Any CPU = Release|Any CPU
	EndGlobalSection
	GlobalSection(ProjectConfigurationPlatforms) = postSolution
		{22DB5955-E603-4377-86ED-0AF40C7E8C1E}.Debug|Any CPU.ActiveCfg = Debug|Any CPU
		{22DB5955-E603-4377-86ED-0AF40C7E8C1E}.Debug|Any CPU.Build.0 = Debug|Any CPU
		{22DB5955-E603-4377-86ED-0AF40C7E8C1E}.Release|Any CPU.ActiveCfg = Release|Any CPU
		{22DB5955-E603-4377-86ED-0AF40C7E8C1E}.Release|Any CPU.Build.0 = Release|Any CPU
	EndGlobalSection
	GlobalSection(SolutionProperties) = preSolution
		HideSolutionNode = FALSE
	EndGlobalSection
	GlobalSection(ExtensibilityGlobals) = postSolution
		SolutionGuid = {7B75A920-E780-4C9D-ACE0-A4B588130549}
	EndGlobalSection
EndGlobal
