
Microsoft Visual Studio Solution File, Format Version 12.00
# Visual Studio Version 16
VisualStudioVersion = 16.0.30503.244
MinimumVisualStudioVersion = 10.0.40219.1
Project("{FAE04EC0-301F-11D3-BF4B-00C04F79EFBC}") = "ExceptionHandling", "ExceptionHandling\ExceptionHandling.csproj", "{7FFC0E78-2FB5-4E37-8F5A-09DBFCD1EA17}"
EndProject
Global
	GlobalSection(SolutionConfigurationPlatforms) = preSolution
		Debug|Any CPU = Debug|Any CPU
		Release|Any CPU = Release|Any CPU
	EndGlobalSection
	GlobalSection(ProjectConfigurationPlatforms) = postSolution
		{7FFC0E78-2FB5-4E37-8F5A-09DBFCD1EA17}.Debug|Any CPU.ActiveCfg = Debug|Any CPU
		{7FFC0E78-2FB5-4E37-8F5A-09DBFCD1EA17}.Debug|Any CPU.Build.0 = Debug|Any CPU
		{7FFC0E78-2FB5-4E37-8F5A-09DBFCD1EA17}.Release|Any CPU.ActiveCfg = Release|Any CPU
		{7FFC0E78-2FB5-4E37-8F5A-09DBFCD1EA17}.Release|Any CPU.Build.0 = Release|Any CPU
	EndGlobalSection
	GlobalSection(SolutionProperties) = preSolution
		HideSolutionNode = FALSE
	EndGlobalSection
	GlobalSection(ExtensibilityGlobals) = postSolution
		SolutionGuid = {1CBC0157-AE28-4B15-81F4-D7F51F04F31A}
	EndGlobalSection
EndGlobal
