
Microsoft Visual Studio Solution File, Format Version 12.00
# Visual Studio Version 16
VisualStudioVersion = 16.0.30503.244
MinimumVisualStudioVersion = 10.0.40219.1
Project("{FAE04EC0-301F-11D3-BF4B-00C04F79EFBC}") = "ClassesAndObjects21Game", "ClassesAndObjects21Game\ClassesAndObjects21Game.csproj", "{35D1D0D6-8427-48BC-BAB4-27A13CBB13C5}"
EndProject
Project("{FAE04EC0-301F-11D3-BF4B-00C04F79EFBC}") = "Casino", "Casino\Casino.csproj", "{008F1C06-B482-4315-87E6-E3E17A58C395}"
EndProject
Global
	GlobalSection(SolutionConfigurationPlatforms) = preSolution
		Debug|Any CPU = Debug|Any CPU
		Release|Any CPU = Release|Any CPU
	EndGlobalSection
	GlobalSection(ProjectConfigurationPlatforms) = postSolution
		{35D1D0D6-8427-48BC-BAB4-27A13CBB13C5}.Debug|Any CPU.ActiveCfg = Debug|Any CPU
		{35D1D0D6-8427-48BC-BAB4-27A13CBB13C5}.Debug|Any CPU.Build.0 = Debug|Any CPU
		{35D1D0D6-8427-48BC-BAB4-27A13CBB13C5}.Release|Any CPU.ActiveCfg = Release|Any CPU
		{35D1D0D6-8427-48BC-BAB4-27A13CBB13C5}.Release|Any CPU.Build.0 = Release|Any CPU
		{008F1C06-B482-4315-87E6-E3E17A58C395}.Debug|Any CPU.ActiveCfg = Debug|Any CPU
		{008F1C06-B482-4315-87E6-E3E17A58C395}.Debug|Any CPU.Build.0 = Debug|Any CPU
		{008F1C06-B482-4315-87E6-E3E17A58C395}.Release|Any CPU.ActiveCfg = Release|Any CPU
		{008F1C06-B482-4315-87E6-E3E17A58C395}.Release|Any CPU.Build.0 = Release|Any CPU
	EndGlobalSection
	GlobalSection(SolutionProperties) = preSolution
		HideSolutionNode = FALSE
	EndGlobalSection
	GlobalSection(ExtensibilityGlobals) = postSolution
		SolutionGuid = {ABF07225-FC4A-420D-9596-795962810345}
	EndGlobalSection
EndGlobal
