
Microsoft Visual Studio Solution File, Format Version 12.00
# Visual Studio Version 16
VisualStudioVersion = 16.0.30503.244
MinimumVisualStudioVersion = 10.0.40219.1
Project("{FAE04EC0-301F-11D3-BF4B-00C04F79EFBC}") = "BooleanLogicAssignment", "BooleanLogicAssignment\BooleanLogicAssignment.csproj", "{BDB7C86B-02A0-458F-8A0F-C049355A1471}"
EndProject
Global
	GlobalSection(SolutionConfigurationPlatforms) = preSolution
		Debug|Any CPU = Debug|Any CPU
		Release|Any CPU = Release|Any CPU
	EndGlobalSection
	GlobalSection(ProjectConfigurationPlatforms) = postSolution
		{BDB7C86B-02A0-458F-8A0F-C049355A1471}.Debug|Any CPU.ActiveCfg = Debug|Any CPU
		{BDB7C86B-02A0-458F-8A0F-C049355A1471}.Debug|Any CPU.Build.0 = Debug|Any CPU
		{BDB7C86B-02A0-458F-8A0F-C049355A1471}.Release|Any CPU.ActiveCfg = Release|Any CPU
		{BDB7C86B-02A0-458F-8A0F-C049355A1471}.Release|Any CPU.Build.0 = Release|Any CPU
	EndGlobalSection
	GlobalSection(SolutionProperties) = preSolution
		HideSolutionNode = FALSE
	EndGlobalSection
	GlobalSection(ExtensibilityGlobals) = postSolution
		SolutionGuid = {26ADEC3F-AF48-4A50-AE01-5569F2555B71}
	EndGlobalSection
EndGlobal
