
Microsoft Visual Studio Solution File, Format Version 12.00
# Visual Studio Version 16
VisualStudioVersion = 16.0.30503.244
MinimumVisualStudioVersion = 10.0.40219.1
Project("{FAE04EC0-301F-11D3-BF4B-00C04F79EFBC}") = "ConsoleAppAssignment", "ConsoleAppAssignment\ConsoleAppAssignment.csproj", "{0388ADC9-F353-44C8-B1C7-EDF3A0FA054D}"
EndProject
Global
	GlobalSection(SolutionConfigurationPlatforms) = preSolution
		Debug|Any CPU = Debug|Any CPU
		Release|Any CPU = Release|Any CPU
	EndGlobalSection
	GlobalSection(ProjectConfigurationPlatforms) = postSolution
		{0388ADC9-F353-44C8-B1C7-EDF3A0FA054D}.Debug|Any CPU.ActiveCfg = Debug|Any CPU
		{0388ADC9-F353-44C8-B1C7-EDF3A0FA054D}.Debug|Any CPU.Build.0 = Debug|Any CPU
		{0388ADC9-F353-44C8-B1C7-EDF3A0FA054D}.Release|Any CPU.ActiveCfg = Release|Any CPU
		{0388ADC9-F353-44C8-B1C7-EDF3A0FA054D}.Release|Any CPU.Build.0 = Release|Any CPU
	EndGlobalSection
	GlobalSection(SolutionProperties) = preSolution
		HideSolutionNode = FALSE
	EndGlobalSection
	GlobalSection(ExtensibilityGlobals) = postSolution
		SolutionGuid = {F2056E4B-560F-4E4B-ABFB-1485DC7ED7E0}
	EndGlobalSection
EndGlobal
